
Microsoft Visual Studio Solution File, Format Version 12.00
# Visual Studio 15
VisualStudioVersion = 15.0.28307.136
MinimumVisualStudioVersion = 10.0.40219.1
Project("{FAE04EC0-301F-11D3-BF4B-00C04F79EFBC}") = "WpfAd", "WpfAd\WpfAd.csproj", "{9574613D-F44E-4C96-9FC3-0FFD54F01931}"
EndProject
Global
	GlobalSection(SolutionConfigurationPlatforms) = preSolution
		Debug|Any CPU = Debug|Any CPU
		Release|Any CPU = Release|Any CPU
	EndGlobalSection
	GlobalSection(ProjectConfigurationPlatforms) = postSolution
		{9574613D-F44E-4C96-9FC3-0FFD54F01931}.Debug|Any CPU.ActiveCfg = Debug|Any CPU
		{9574613D-F44E-4C96-9FC3-0FFD54F01931}.Debug|Any CPU.Build.0 = Debug|Any CPU
		{9574613D-F44E-4C96-9FC3-0FFD54F01931}.Release|Any CPU.ActiveCfg = Release|Any CPU
		{9574613D-F44E-4C96-9FC3-0FFD54F01931}.Release|Any CPU.Build.0 = Release|Any CPU
	EndGlobalSection
	GlobalSection(SolutionProperties) = preSolution
		HideSolutionNode = FALSE
	EndGlobalSection
	GlobalSection(ExtensibilityGlobals) = postSolution
		SolutionGuid = {D9A0EE27-F845-4BDF-B45F-1B89E4452EB1}
	EndGlobalSection
EndGlobal
